{
  "name": "@rhngui/web",
  "version": "0.1.0",
  "lockfileVersion": 3,
  "requires": true,
  "packages": {
    "": {
      "name": "@rhngui/web",
      "version": "0.1.0",
      "dependencies": {
        "@patternfly/elements": "^3.0.0",
        "lit": "^3.2.1"
      },
      "devDependencies": {
        "@pwrs/cem": "^0.6.7",
        "typescript": "~5.8.3"
      }
    },
    "node_modules/@floating-ui/core": {
      "version": "1.7.3",
      "resolved": "https://registry.npmjs.org/@floating-ui/core/-/core-1.7.3.tgz",
      "integrity": "sha512-sGnvb5dmrJaKEZ+LDIpguvdX3bDlEllmv4/ClQ9awcmCZrlx5jQyyMWFM5kBI+EyNOCDDiKk8il0zeuX3Zlg/w==",
      "license": "MIT",
      "dependencies": {
        "@floating-ui/utils": "^0.2.10"
      }
    },
    "node_modules/@floating-ui/dom": {
      "version": "1.7.4",
      "resolved": "https://registry.npmjs.org/@floating-ui/dom/-/dom-1.7.4.tgz",
      "integrity": "sha512-OOchDgh4F2CchOX94cRVqhvy7b3AFb+/rQXyswmzmGakRfkMgoWVjfnLWkRirfLEfuD4ysVW16eXzwt3jHIzKA==",
      "license": "MIT",
      "dependencies": {
        "@floating-ui/core": "^1.7.3",
        "@floating-ui/utils": "^0.2.10"
      }
    },
    "node_modules/@floating-ui/utils": {
      "version": "0.2.10",
      "resolved": "https://registry.npmjs.org/@floating-ui/utils/-/utils-0.2.10.tgz",
      "integrity": "sha512-aGTxbpbg8/b5JfU1HXSrbH3wXZuLPJcNEcZQFMxLs3oSzgtVu6nFPkbbGGUvBcUjKV2YyB9Wxxabo+HEH9tcRQ==",
      "license": "MIT"
    },
    "node_modules/@lit-labs/ssr-dom-shim": {
      "version": "1.4.0",
      "resolved": "https://registry.npmjs.org/@lit-labs/ssr-dom-shim/-/ssr-dom-shim-1.4.0.tgz",
      "integrity": "sha512-ficsEARKnmmW5njugNYKipTm4SFnbik7CXtoencDZzmzo/dQ+2Q0bgkzJuoJP20Aj0F+izzJjOqsnkd6F/o1bw==",
      "license": "BSD-3-Clause"
    },
    "node_modules/@lit/context": {
      "version": "1.1.6",
      "resolved": "https://registry.npmjs.org/@lit/context/-/context-1.1.6.tgz",
      "integrity": "sha512-M26qDE6UkQbZA2mQ3RjJ3Gzd8TxP+/0obMgE5HfkfLhEEyYE3Bui4A5XHiGPjy0MUGAyxB3QgVuw2ciS0kHn6A==",
      "license": "BSD-3-Clause",
      "dependencies": {
        "@lit/reactive-element": "^1.6.2 || ^2.1.0"
      }
    },
    "node_modules/@lit/reactive-element": {
      "version": "2.1.1",
      "resolved": "https://registry.npmjs.org/@lit/reactive-element/-/reactive-element-2.1.1.tgz",
      "integrity": "sha512-N+dm5PAYdQ8e6UlywyyrgI2t++wFGXfHx+dSJ1oBrg6FAxUj40jId++EaRm80MKX5JnlH1sBsyZ5h0bcZKemCg==",
      "license": "BSD-3-Clause",
      "dependencies": {
        "@lit-labs/ssr-dom-shim": "^1.4.0"
      }
    },
    "node_modules/@patternfly/elements": {
      "version": "3.0.2",
      "resolved": "https://registry.npmjs.org/@patternfly/elements/-/elements-3.0.2.tgz",
      "integrity": "sha512-YsmDu0XP7YyWdwIKXQIvtI81JfQ9+R3QszKQyFlEuhiS1ufA86f7L/1toQvOhZgmEBfAitnJBejndYi5s13EGw==",
      "license": "MIT",
      "dependencies": {
        "@lit/context": "^1.1.0",
        "@patternfly/icons": "^1.0.2",
        "@patternfly/pfe-core": "^3.0.0",
        "lit": "^3.1.2",
        "tslib": "^2.6.2"
      }
    },
    "node_modules/@patternfly/icons": {
      "version": "1.0.3",
      "resolved": "https://registry.npmjs.org/@patternfly/icons/-/icons-1.0.3.tgz",
      "integrity": "sha512-8BARaCFBUZU2/TxuOQb8R2/VIpxGMnFwdw5ddT1AMnR2KSifdo+d05SgZtVmFkOIAOA0oCo/YKRgSORDA47wig==",
      "license": "MIT"
    },
    "node_modules/@patternfly/pfe-core": {
      "version": "3.0.0",
      "resolved": "https://registry.npmjs.org/@patternfly/pfe-core/-/pfe-core-3.0.0.tgz",
      "integrity": "sha512-zxJ2dksvTsurQ74EHlNWv03P1HH/ZO+axX0XPyjDdkOWpbyL4UDK6x5VXDRRtiZ3CrRs7VX3RbBfB5EQ1gBZ5A==",
      "license": "MIT",
      "dependencies": {
        "@floating-ui/dom": "^1.6.3",
        "@lit/context": "^1.1.0",
        "lit": "^3.1.2"
      }
    },
    "node_modules/@pwrs/cem": {
      "version": "0.6.7",
      "resolved": "https://registry.npmjs.org/@pwrs/cem/-/cem-0.6.7.tgz",
      "integrity": "sha512-jInpS7R2Z4Ox5Wl2odH8vfWUbyEM8DweV/3izYdDWP5YPBIaDijOfHth2/MojVzVanGwcmP07fYCk0uKtu8Fvw==",
      "dev": true,
      "hasInstallScript": true,
      "bin": {
        "cem": "bin/cem.js"
      },
      "engines": {
        "node": ">=22.0.0"
      },
      "optionalDependencies": {
        "@pwrs/cem-darwin-arm64": "0.6.7",
        "@pwrs/cem-darwin-x64": "0.6.7",
        "@pwrs/cem-linux-arm64": "0.6.7",
        "@pwrs/cem-linux-x64": "0.6.7",
        "@pwrs/cem-win32-arm64": "0.6.7",
        "@pwrs/cem-win32-x64": "0.6.7"
      }
    },
    "node_modules/@pwrs/cem-darwin-arm64": {
      "version": "0.6.7",
      "resolved": "https://registry.npmjs.org/@pwrs/cem-darwin-arm64/-/cem-darwin-arm64-0.6.7.tgz",
      "integrity": "sha512-kXk7kF7Q45Z3VgNe+ewEsXavYuUqw5FrLjmmJeLuKk+duKLJOWpFVNWc98ENnr/YG93Ic+3tee2f0H0KDSZ9Rg==",
      "cpu": [
        "arm64"
      ],
      "dev": true,
      "license": "MIT",
      "optional": true,
      "os": [
        "darwin"
      ],
      "engines": {
        "node": ">=22.0.0"
      }
    },
    "node_modules/@pwrs/cem-darwin-x64": {
      "version": "0.6.7",
      "resolved": "https://registry.npmjs.org/@pwrs/cem-darwin-x64/-/cem-darwin-x64-0.6.7.tgz",
      "integrity": "sha512-xowOekfv9xozhkNEUOpyaSGVf9bziXMfYu1s0eQRsphTg3A7NJ4abqBUerbrBB3N78annKOozdSABDMKw6WoeA==",
      "cpu": [
        "x64"
      ],
      "dev": true,
      "license": "MIT",
      "optional": true,
      "os": [
        "darwin"
      ],
      "engines": {
        "node": ">=22.0.0"
      }
    },
    "node_modules/@pwrs/cem-linux-arm64": {
      "version": "0.6.7",
      "resolved": "https://registry.npmjs.org/@pwrs/cem-linux-arm64/-/cem-linux-arm64-0.6.7.tgz",
      "integrity": "sha512-+Nj8VbEKMbmKz/nKCQ9NAbptK5oFkpzzQ5/f+D8hJvwbRSYJc2TrfrkU10RhM0IcVJB51sYRBIrOd7+rLv4Y9Q==",
      "cpu": [
        "arm64"
      ],
      "dev": true,
      "license": "MIT",
      "optional": true,
      "os": [
        "linux"
      ],
      "engines": {
        "node": ">=22.0.0"
      }
    },
    "node_modules/@pwrs/cem-linux-x64": {
      "version": "0.6.7",
      "resolved": "https://registry.npmjs.org/@pwrs/cem-linux-x64/-/cem-linux-x64-0.6.7.tgz",
      "integrity": "sha512-CMPhwg5j8iEeodESSi14SMVXWeq64iF7LAdhCp3+ukZ1XPykt/+DHbJyGCDS6eQ2pspkYKvMwk2WwcS+qo5hZA==",
      "cpu": [
        "x64"
      ],
      "dev": true,
      "license": "MIT",
      "optional": true,
      "os": [
        "linux"
      ],
      "engines": {
        "node": ">=22.0.0"
      }
    },
    "node_modules/@pwrs/cem-win32-arm64": {
      "version": "0.6.7",
      "resolved": "https://registry.npmjs.org/@pwrs/cem-win32-arm64/-/cem-win32-arm64-0.6.7.tgz",
      "integrity": "sha512-HaWiuQKwWVXGtO1XUyR896ze5dhKThQbevtGDLJZtV6i3F+OPfmk5/MTgsB0b33iQ7ErQA5Ufc/IbCzjINoIkg==",
      "cpu": [
        "arm64"
      ],
      "dev": true,
      "license": "MIT",
      "optional": true,
      "os": [
        "win32"
      ],
      "engines": {
        "node": ">=22.0.0"
      }
    },
    "node_modules/@pwrs/cem-win32-x64": {
      "version": "0.6.7",
      "resolved": "https://registry.npmjs.org/@pwrs/cem-win32-x64/-/cem-win32-x64-0.6.7.tgz",
      "integrity": "sha512-K7EgVBnx3wxixFVtmqkXcShwPhpk8X5DZv6/OQyYr0kbzqnWA+lMRTnkKpJ2364bk3v+HN51U/pzQimfziDeMA==",
      "cpu": [
        "x64"
      ],
      "dev": true,
      "license": "MIT",
      "optional": true,
      "os": [
        "win32"
      ],
      "engines": {
        "node": ">=22.0.0"
      }
    },
    "node_modules/@types/trusted-types": {
      "version": "2.0.7",
      "resolved": "https://registry.npmjs.org/@types/trusted-types/-/trusted-types-2.0.7.tgz",
      "integrity": "sha512-ScaPdn1dQczgbl0QFTeTOmVHFULt394XJgOQNoyVhZ6r2vLnMLJfBPd53SB52T/3G36VI1/g2MZaX0cwDuXsfw==",
      "license": "MIT"
    },
    "node_modules/lit": {
      "version": "3.3.1",
      "resolved": "https://registry.npmjs.org/lit/-/lit-3.3.1.tgz",
      "integrity": "sha512-Ksr/8L3PTapbdXJCk+EJVB78jDodUMaP54gD24W186zGRARvwrsPfS60wae/SSCTCNZVPd1chXqio1qHQmu4NA==",
      "license": "BSD-3-Clause",
      "dependencies": {
        "@lit/reactive-element": "^2.1.0",
        "lit-element": "^4.2.0",
        "lit-html": "^3.3.0"
      }
    },
    "node_modules/lit-element": {
      "version": "4.2.1",
      "resolved": "https://registry.npmjs.org/lit-element/-/lit-element-4.2.1.tgz",
      "integrity": "sha512-WGAWRGzirAgyphK2urmYOV72tlvnxw7YfyLDgQ+OZnM9vQQBQnumQ7jUJe6unEzwGU3ahFOjuz1iz1jjrpCPuw==",
      "license": "BSD-3-Clause",
      "dependencies": {
        "@lit-labs/ssr-dom-shim": "^1.4.0",
        "@lit/reactive-element": "^2.1.0",
        "lit-html": "^3.3.0"
      }
    },
    "node_modules/lit-html": {
      "version": "3.3.1",
      "resolved": "https://registry.npmjs.org/lit-html/-/lit-html-3.3.1.tgz",
      "integrity": "sha512-S9hbyDu/vs1qNrithiNyeyv64c9yqiW9l+DBgI18fL+MTvOtWoFR0FWiyq1TxaYef5wNlpEmzlXoBlZEO+WjoA==",
      "license": "BSD-3-Clause",
      "dependencies": {
        "@types/trusted-types": "^2.0.2"
      }
    },
    "node_modules/tslib": {
      "version": "2.8.1",
      "resolved": "https://registry.npmjs.org/tslib/-/tslib-2.8.1.tgz",
      "integrity": "sha512-oJFu94HQb+KVduSUQL7wnpmqnfmLsOA/nAh6b6EH0wCEoK0/mPeXU6c3wKDV83MkOuHPRHtSXKKU99IBazS/2w==",
      "license": "0BSD"
    },
    "node_modules/typescript": {
      "version": "5.8.3",
      "resolved": "https://registry.npmjs.org/typescript/-/typescript-5.8.3.tgz",
      "integrity": "sha512-p1diW6TqL9L07nNxvRMM7hMMw4c5XOo/1ibL4aAIGmSAt9slTE1Xgw5KWuof2uTOvCg9BY7ZRi+GaF+7sfgPeQ==",
      "dev": true,
      "license": "Apache-2.0",
      "bin": {
        "tsc": "bin/tsc",
        "tsserver": "bin/tsserver"
      },
      "engines": {
        "node": ">=14.17"
      }
    }
  }
}
